
Microsoft Visual Studio Solution File, Format Version 12.00
# Visual Studio 15
VisualStudioVersion = 15.0.27130.2027
MinimumVisualStudioVersion = 10.0.40219.1
Project("{FAE04EC0-301F-11D3-BF4B-00C04F79EFBC}") = "Recycling.Project.Entidades", "Recycling.Project.Entidades\Recycling.Project.Entidades.csproj", "{28A5DB80-992C-42BC-803D-356BBFBD0FE2}"
EndProject
Project("{FAE04EC0-301F-11D3-BF4B-00C04F79EFBC}") = "Recycling.Project.DAL", "Recycling.Project.DAL\Recycling.Project.DAL.csproj", "{784E6D25-A42A-4B49-86D6-28297093C577}"
EndProject
Project("{FAE04EC0-301F-11D3-BF4B-00C04F79EFBC}") = "Recycling.Project.App", "Recycling.Project.App\Recycling.Project.App.csproj", "{E73813AC-7569-4086-9248-C319BDD3F066}"
EndProject
Global
	GlobalSection(SolutionConfigurationPlatforms) = preSolution
		Debug|Any CPU = Debug|Any CPU
		Release|Any CPU = Release|Any CPU
	EndGlobalSection
	GlobalSection(ProjectConfigurationPlatforms) = postSolution
		{28A5DB80-992C-42BC-803D-356BBFBD0FE2}.Debug|Any CPU.ActiveCfg = Debug|Any CPU
		{28A5DB80-992C-42BC-803D-356BBFBD0FE2}.Debug|Any CPU.Build.0 = Debug|Any CPU
		{28A5DB80-992C-42BC-803D-356BBFBD0FE2}.Release|Any CPU.ActiveCfg = Release|Any CPU
		{28A5DB80-992C-42BC-803D-356BBFBD0FE2}.Release|Any CPU.Build.0 = Release|Any CPU
		{784E6D25-A42A-4B49-86D6-28297093C577}.Debug|Any CPU.ActiveCfg = Debug|Any CPU
		{784E6D25-A42A-4B49-86D6-28297093C577}.Debug|Any CPU.Build.0 = Debug|Any CPU
		{784E6D25-A42A-4B49-86D6-28297093C577}.Release|Any CPU.ActiveCfg = Release|Any CPU
		{784E6D25-A42A-4B49-86D6-28297093C577}.Release|Any CPU.Build.0 = Release|Any CPU
		{E73813AC-7569-4086-9248-C319BDD3F066}.Debug|Any CPU.ActiveCfg = Debug|Any CPU
		{E73813AC-7569-4086-9248-C319BDD3F066}.Debug|Any CPU.Build.0 = Debug|Any CPU
		{E73813AC-7569-4086-9248-C319BDD3F066}.Release|Any CPU.ActiveCfg = Release|Any CPU
		{E73813AC-7569-4086-9248-C319BDD3F066}.Release|Any CPU.Build.0 = Release|Any CPU
	EndGlobalSection
	GlobalSection(SolutionProperties) = preSolution
		HideSolutionNode = FALSE
	EndGlobalSection
	GlobalSection(ExtensibilityGlobals) = postSolution
		SolutionGuid = {94D49552-43B6-4C76-B24A-2077A9780661}
	EndGlobalSection
EndGlobal
