
Microsoft Visual Studio Solution File, Format Version 12.00
# Visual Studio 15
VisualStudioVersion = 15.0.27130.2027
MinimumVisualStudioVersion = 10.0.40219.1
Project("{FAE04EC0-301F-11D3-BF4B-00C04F79EFBC}") = "Quiron.LojaVirtual.Dominio", "Quiron.LojaVirtual.Dominio\Quiron.LojaVirtual.Dominio.csproj", "{140AE486-91D0-4096-AF8C-09DE03E59351}"
EndProject
Project("{FAE04EC0-301F-11D3-BF4B-00C04F79EFBC}") = "Quiron.LojaVirtual.Web", "Quiron.LojaVirtual.Web\Quiron.LojaVirtual.Web.csproj", "{AA6788E5-1598-4CCC-88B4-210B16CC815A}"
EndProject
Project("{FAE04EC0-301F-11D3-BF4B-00C04F79EFBC}") = "Quiron.LojaVirtual.UnitTest", "Quiron.LojaVirtual.UnitTest\Quiron.LojaVirtual.UnitTest.csproj", "{B8FBDBA6-24EC-49B4-BA20-01CD2C1EF34B}"
EndProject
Global
	GlobalSection(SolutionConfigurationPlatforms) = preSolution
		Debug|Any CPU = Debug|Any CPU
		Release|Any CPU = Release|Any CPU
	EndGlobalSection
	GlobalSection(ProjectConfigurationPlatforms) = postSolution
		{140AE486-91D0-4096-AF8C-09DE03E59351}.Debug|Any CPU.ActiveCfg = Debug|Any CPU
		{140AE486-91D0-4096-AF8C-09DE03E59351}.Debug|Any CPU.Build.0 = Debug|Any CPU
		{140AE486-91D0-4096-AF8C-09DE03E59351}.Release|Any CPU.ActiveCfg = Release|Any CPU
		{140AE486-91D0-4096-AF8C-09DE03E59351}.Release|Any CPU.Build.0 = Release|Any CPU
		{AA6788E5-1598-4CCC-88B4-210B16CC815A}.Debug|Any CPU.ActiveCfg = Debug|Any CPU
		{AA6788E5-1598-4CCC-88B4-210B16CC815A}.Debug|Any CPU.Build.0 = Debug|Any CPU
		{AA6788E5-1598-4CCC-88B4-210B16CC815A}.Release|Any CPU.ActiveCfg = Release|Any CPU
		{AA6788E5-1598-4CCC-88B4-210B16CC815A}.Release|Any CPU.Build.0 = Release|Any CPU
		{B8FBDBA6-24EC-49B4-BA20-01CD2C1EF34B}.Debug|Any CPU.ActiveCfg = Debug|Any CPU
		{B8FBDBA6-24EC-49B4-BA20-01CD2C1EF34B}.Debug|Any CPU.Build.0 = Debug|Any CPU
		{B8FBDBA6-24EC-49B4-BA20-01CD2C1EF34B}.Release|Any CPU.ActiveCfg = Release|Any CPU
		{B8FBDBA6-24EC-49B4-BA20-01CD2C1EF34B}.Release|Any CPU.Build.0 = Release|Any CPU
	EndGlobalSection
	GlobalSection(SolutionProperties) = preSolution
		HideSolutionNode = FALSE
	EndGlobalSection
	GlobalSection(ExtensibilityGlobals) = postSolution
		SolutionGuid = {FDE1CDAD-24B9-420D-82CE-893106C17678}
	EndGlobalSection
EndGlobal
